{
  "name": "goterm",
  "lockfileVersion": 3,
  "requires": true,
  "packages": {
    "": {
      "dependencies": {
        "xterm": "^5.2.1",
        "xterm-addon-fit": "^0.7.0",
        "xterm-addon-search": "^0.12.0",
        "xterm-addon-web-links": "^0.8.0"
      }
    },
    "node_modules/xterm": {
      "version": "5.2.1",
      "resolved": "https://registry.npmjs.org/xterm/-/xterm-5.2.1.tgz",
      "integrity": "sha512-cs5Y1fFevgcdoh2hJROMVIWwoBHD80P1fIP79gopLHJIE4kTzzblanoivxTiQ4+92YM9IxS36H1q0MxIJXQBcA=="
    },
    "node_modules/xterm-addon-fit": {
      "version": "0.7.0",
      "resolved": "https://registry.npmjs.org/xterm-addon-fit/-/xterm-addon-fit-0.7.0.tgz",
      "integrity": "sha512-tQgHGoHqRTgeROPnvmtEJywLKoC/V9eNs4bLLz7iyJr1aW/QFzRwfd3MGiJ6odJd9xEfxcW36/xRU47JkD5NKQ==",
      "peerDependencies": {
        "xterm": "^5.0.0"
      }
    },
    "node_modules/xterm-addon-search": {
      "version": "0.12.0",
      "resolved": "https://registry.npmjs.org/xterm-addon-search/-/xterm-addon-search-0.12.0.tgz",
      "integrity": "sha512-hXAuO7Ts2+Jf9K8mZrUx8IFd7c/Flgks/jyqA1L4reymyfmXtcsd+WDLel8R9Tgy2CLyKABVBP09/Ua/FmXcvg==",
      "peerDependencies": {
        "xterm": "^5.0.0"
      }
    },
    "node_modules/xterm-addon-web-links": {
      "version": "0.8.0",
      "resolved": "https://registry.npmjs.org/xterm-addon-web-links/-/xterm-addon-web-links-0.8.0.tgz",
      "integrity": "sha512-J4tKngmIu20ytX9SEJjAP3UGksah7iALqBtfTwT9ZnmFHVplCumYQsUJfKuS+JwMhjsjH61YXfndenLNvjRrEw==",
      "peerDependencies": {
        "xterm": "^5.0.0"
      }
    }
  }
}
